
Microsoft Visual Studio Solution File, Format Version 12.00
# Visual Studio Version 17
VisualStudioVersion = 17.3.32929.385
MinimumVisualStudioVersion = 10.0.40219.1
Project("{FAE04EC0-301F-11D3-BF4B-00C04F79EFBC}") = "Assignment4", "Assignment4\Assignment4.csproj", "{6FF5C6D4-37B4-4B03-B34D-DA19DBFDC6A0}"
EndProject
Project("{FAE04EC0-301F-11D3-BF4B-00C04F79EFBC}") = "xUnit", "xUnit\xUnit.csproj", "{B5332793-9BE2-4961-BDEA-CFC404880384}"
EndProject
Project("{FAE04EC0-301F-11D3-BF4B-00C04F79EFBC}") = "nUnit", "nUnit\nUnit.csproj", "{8717EF29-4EB8-4718-A790-2EB288851EF9}"
EndProject
Global
	GlobalSection(SolutionConfigurationPlatforms) = preSolution
		Debug|Any CPU = Debug|Any CPU
		Release|Any CPU = Release|Any CPU
	EndGlobalSection
	GlobalSection(ProjectConfigurationPlatforms) = postSolution
		{6FF5C6D4-37B4-4B03-B34D-DA19DBFDC6A0}.Debug|Any CPU.ActiveCfg = Debug|Any CPU
		{6FF5C6D4-37B4-4B03-B34D-DA19DBFDC6A0}.Debug|Any CPU.Build.0 = Debug|Any CPU
		{6FF5C6D4-37B4-4B03-B34D-DA19DBFDC6A0}.Release|Any CPU.ActiveCfg = Release|Any CPU
		{6FF5C6D4-37B4-4B03-B34D-DA19DBFDC6A0}.Release|Any CPU.Build.0 = Release|Any CPU
		{B5332793-9BE2-4961-BDEA-CFC404880384}.Debug|Any CPU.ActiveCfg = Debug|Any CPU
		{B5332793-9BE2-4961-BDEA-CFC404880384}.Debug|Any CPU.Build.0 = Debug|Any CPU
		{B5332793-9BE2-4961-BDEA-CFC404880384}.Release|Any CPU.ActiveCfg = Release|Any CPU
		{B5332793-9BE2-4961-BDEA-CFC404880384}.Release|Any CPU.Build.0 = Release|Any CPU
		{8717EF29-4EB8-4718-A790-2EB288851EF9}.Debug|Any CPU.ActiveCfg = Debug|Any CPU
		{8717EF29-4EB8-4718-A790-2EB288851EF9}.Debug|Any CPU.Build.0 = Debug|Any CPU
		{8717EF29-4EB8-4718-A790-2EB288851EF9}.Release|Any CPU.ActiveCfg = Release|Any CPU
		{8717EF29-4EB8-4718-A790-2EB288851EF9}.Release|Any CPU.Build.0 = Release|Any CPU
	EndGlobalSection
	GlobalSection(SolutionProperties) = preSolution
		HideSolutionNode = FALSE
	EndGlobalSection
	GlobalSection(ExtensibilityGlobals) = postSolution
		SolutionGuid = {55B17EC3-1327-4CBB-AD14-F75A65AEE870}
	EndGlobalSection
EndGlobal
